Microsoft Visual Studio Solution File, Format Version 12.00
# Visual Studio 2012
Project("{FAE04EC0-301F-11D3-BF4B-00C04F79EFBC}") = "sbg.examples", "sbg.examples.csproj", "{2113CA36-BBBC-4B37-B251-B911860196FF}"
EndProject
Global
	GlobalSection(SolutionConfigurationPlatforms) = preSolution
	Debug|Any CPU = Debug|Any CPU
	ExportDebug|Any CPU = ExportDebug|Any CPU
	ExportRelease|Any CPU = ExportRelease|Any CPU
	EndGlobalSection
	GlobalSection(ProjectConfigurationPlatforms) = postSolution
		{2113CA36-BBBC-4B37-B251-B911860196FF}.Debug|Any CPU.ActiveCfg = Debug|Any CPU
		{2113CA36-BBBC-4B37-B251-B911860196FF}.Debug|Any CPU.Build.0 = Debug|Any CPU
		{2113CA36-BBBC-4B37-B251-B911860196FF}.ExportDebug|Any CPU.ActiveCfg = ExportDebug|Any CPU
		{2113CA36-BBBC-4B37-B251-B911860196FF}.ExportDebug|Any CPU.Build.0 = ExportDebug|Any CPU
		{2113CA36-BBBC-4B37-B251-B911860196FF}.ExportRelease|Any CPU.ActiveCfg = ExportRelease|Any CPU
		{2113CA36-BBBC-4B37-B251-B911860196FF}.ExportRelease|Any CPU.Build.0 = ExportRelease|Any CPU
	EndGlobalSection
EndGlobal
